
Microsoft Visual Studio Solution File, Format Version 12.00
# Visual Studio Version 16
VisualStudioVersion = 16.0.30503.244
MinimumVisualStudioVersion = 10.0.40219.1
Project("{FAE04EC0-301F-11D3-BF4B-00C04F79EFBC}") = "A2SangbongParkP2", "A2SangbongParkP2\A2SangbongParkP2.csproj", "{AAF77803-91CE-4706-B83E-A39B3BDAA3EF}"
EndProject
Global
	GlobalSection(SolutionConfigurationPlatforms) = preSolution
		Debug|Any CPU = Debug|Any CPU
		Release|Any CPU = Release|Any CPU
	EndGlobalSection
	GlobalSection(ProjectConfigurationPlatforms) = postSolution
		{AAF77803-91CE-4706-B83E-A39B3BDAA3EF}.Debug|Any CPU.ActiveCfg = Debug|Any CPU
		{AAF77803-91CE-4706-B83E-A39B3BDAA3EF}.Debug|Any CPU.Build.0 = Debug|Any CPU
		{AAF77803-91CE-4706-B83E-A39B3BDAA3EF}.Release|Any CPU.ActiveCfg = Release|Any CPU
		{AAF77803-91CE-4706-B83E-A39B3BDAA3EF}.Release|Any CPU.Build.0 = Release|Any CPU
	EndGlobalSection
	GlobalSection(SolutionProperties) = preSolution
		HideSolutionNode = FALSE
	EndGlobalSection
	GlobalSection(ExtensibilityGlobals) = postSolution
		SolutionGuid = {76360F8C-6286-4B4D-B0F9-7D9306A1084C}
	EndGlobalSection
EndGlobal
