
Microsoft Visual Studio Solution File, Format Version 12.00
# Visual Studio Version 16
VisualStudioVersion = 16.0.30611.23
MinimumVisualStudioVersion = 10.0.40219.1
Project("{FAE04EC0-301F-11D3-BF4B-00C04F79EFBC}") = "A3GKKPSBP2", "A3GKKPSBP2\A3GKKPSBP2.csproj", "{756F2AE3-7361-43BA-8DDC-2D7AF444A07F}"
EndProject
Global
	GlobalSection(SolutionConfigurationPlatforms) = preSolution
		Debug|Any CPU = Debug|Any CPU
		Release|Any CPU = Release|Any CPU
	EndGlobalSection
	GlobalSection(ProjectConfigurationPlatforms) = postSolution
		{756F2AE3-7361-43BA-8DDC-2D7AF444A07F}.Debug|Any CPU.ActiveCfg = Debug|Any CPU
		{756F2AE3-7361-43BA-8DDC-2D7AF444A07F}.Debug|Any CPU.Build.0 = Debug|Any CPU
		{756F2AE3-7361-43BA-8DDC-2D7AF444A07F}.Release|Any CPU.ActiveCfg = Release|Any CPU
		{756F2AE3-7361-43BA-8DDC-2D7AF444A07F}.Release|Any CPU.Build.0 = Release|Any CPU
	EndGlobalSection
	GlobalSection(SolutionProperties) = preSolution
		HideSolutionNode = FALSE
	EndGlobalSection
	GlobalSection(ExtensibilityGlobals) = postSolution
		SolutionGuid = {E5D44AF8-D110-44C8-82A3-0578316A859B}
	EndGlobalSection
EndGlobal
