
Microsoft Visual Studio Solution File, Format Version 12.00
# Visual Studio Version 16
VisualStudioVersion = 16.0.30503.244
MinimumVisualStudioVersion = 10.0.40219.1
Project("{FAE04EC0-301F-11D3-BF4B-00C04F79EFBC}") = "InClassAssisments3", "InClassAssisments3\InClassAssisments3.csproj", "{E6F168F5-8CE5-4851-80CC-7F5A5A8BD72C}"
EndProject
Global
	GlobalSection(SolutionConfigurationPlatforms) = preSolution
		Debug|Any CPU = Debug|Any CPU
		Release|Any CPU = Release|Any CPU
	EndGlobalSection
	GlobalSection(ProjectConfigurationPlatforms) = postSolution
		{E6F168F5-8CE5-4851-80CC-7F5A5A8BD72C}.Debug|Any CPU.ActiveCfg = Debug|Any CPU
		{E6F168F5-8CE5-4851-80CC-7F5A5A8BD72C}.Debug|Any CPU.Build.0 = Debug|Any CPU
		{E6F168F5-8CE5-4851-80CC-7F5A5A8BD72C}.Release|Any CPU.ActiveCfg = Release|Any CPU
		{E6F168F5-8CE5-4851-80CC-7F5A5A8BD72C}.Release|Any CPU.Build.0 = Release|Any CPU
	EndGlobalSection
	GlobalSection(SolutionProperties) = preSolution
		HideSolutionNode = FALSE
	EndGlobalSection
	GlobalSection(ExtensibilityGlobals) = postSolution
		SolutionGuid = {E9E45BCE-E675-4B22-8F4E-16409B9489CC}
	EndGlobalSection
EndGlobal
