
Microsoft Visual Studio Solution File, Format Version 12.00
# Visual Studio Version 16
VisualStudioVersion = 16.0.30517.126
MinimumVisualStudioVersion = 10.0.40219.1
Project("{FAE04EC0-301F-11D3-BF4B-00C04F79EFBC}") = "inClass2", "inClass2\inClass2.csproj", "{345BF7D4-E33D-425E-A551-7DEB5FFC9D28}"
EndProject
Global
	GlobalSection(SolutionConfigurationPlatforms) = preSolution
		Debug|Any CPU = Debug|Any CPU
		Release|Any CPU = Release|Any CPU
	EndGlobalSection
	GlobalSection(ProjectConfigurationPlatforms) = postSolution
		{345BF7D4-E33D-425E-A551-7DEB5FFC9D28}.Debug|Any CPU.ActiveCfg = Debug|Any CPU
		{345BF7D4-E33D-425E-A551-7DEB5FFC9D28}.Debug|Any CPU.Build.0 = Debug|Any CPU
		{345BF7D4-E33D-425E-A551-7DEB5FFC9D28}.Release|Any CPU.ActiveCfg = Release|Any CPU
		{345BF7D4-E33D-425E-A551-7DEB5FFC9D28}.Release|Any CPU.Build.0 = Release|Any CPU
	EndGlobalSection
	GlobalSection(SolutionProperties) = preSolution
		HideSolutionNode = FALSE
	EndGlobalSection
	GlobalSection(ExtensibilityGlobals) = postSolution
		SolutionGuid = {4B3177A7-6A20-43C0-A5C5-393E6AFD7102}
	EndGlobalSection
EndGlobal
